{
    "_meta": {
        "hash": {
            "sha256": "ed2a577f0f3a52879dff810495f53ac9e89fb62d2fb7fde9b4d49df64984ad0c"
        },
        "pipfile-spec": 6,
        "requires": {
            "python_version": "3.7"
        },
        "sources": [
            {
                "name": "pypi",
                "url": "https://pypi.org/simple",
                "verify_ssl": true
            }
        ]
    },
    "default": {
        "tabulate": {
            "hashes": [
                "sha256:00fafec446419345538ae0b60eeb2724d0d4fce7f1acc621c603d406887a9918",
                "sha256:8af07a39377cee1103a5c8b3330a421c2d99b9141e9cc5ddd2e3263fea416943"
            ],
            "index": "pypi",
            "version": "==0.8.3"
        }
    },
    "develop": {}
}
